
Microsoft Visual Studio Solution File, Format Version 12.00
# Visual Studio Version 17
VisualStudioVersion = 17.5.002.0
MinimumVisualStudioVersion = 10.0.40219.1
Project("{9A19103F-16F7-4668-BE54-9A1E7A4F7556}") = "Todo", "Todo\Todo.csproj", "{3542194F-33CE-48E1-9BDA-A9F0FE899727}"
EndProject
Project("{FAE04EC0-301F-11D3-BF4B-00C04F79EFBC}") = "Todo.test", "Todo.test\Todo.test.csproj", "{92F1A764-836C-448E-8AE2-65C06D733E7B}"
EndProject
Global
	GlobalSection(SolutionConfigurationPlatforms) = preSolution
		Debug|Any CPU = Debug|Any CPU
		Release|Any CPU = Release|Any CPU
	EndGlobalSection
	GlobalSection(ProjectConfigurationPlatforms) = postSolution
		{3542194F-33CE-48E1-9BDA-A9F0FE899727}.Debug|Any CPU.ActiveCfg = Debug|Any CPU
		{3542194F-33CE-48E1-9BDA-A9F0FE899727}.Debug|Any CPU.Build.0 = Debug|Any CPU
		{3542194F-33CE-48E1-9BDA-A9F0FE899727}.Release|Any CPU.ActiveCfg = Release|Any CPU
		{3542194F-33CE-48E1-9BDA-A9F0FE899727}.Release|Any CPU.Build.0 = Release|Any CPU
		{92F1A764-836C-448E-8AE2-65C06D733E7B}.Debug|Any CPU.ActiveCfg = Debug|Any CPU
		{92F1A764-836C-448E-8AE2-65C06D733E7B}.Debug|Any CPU.Build.0 = Debug|Any CPU
		{92F1A764-836C-448E-8AE2-65C06D733E7B}.Release|Any CPU.ActiveCfg = Release|Any CPU
		{92F1A764-836C-448E-8AE2-65C06D733E7B}.Release|Any CPU.Build.0 = Release|Any CPU
	EndGlobalSection
	GlobalSection(SolutionProperties) = preSolution
		HideSolutionNode = FALSE
	EndGlobalSection
	GlobalSection(ExtensibilityGlobals) = postSolution
		SolutionGuid = {F1A5F7A4-D20A-4D27-A67F-23E3B83DE1A6}
	EndGlobalSection
EndGlobal
